
Microsoft Visual Studio Solution File, Format Version 12.00
# Visual Studio Version 17
VisualStudioVersion = 17.4.33213.308
MinimumVisualStudioVersion = 10.0.40219.1
Project("{2150E333-8FDC-42A3-9474-1A3956D46DE8}") = "FrontEnd", "FrontEnd", "{0FCF9F6F-3F29-40D0-B7CB-54D92921FBF1}"
EndProject
Project("{9A19103F-16F7-4668-BE54-9A1E7A4F7556}") = "ClickToEat.Web", "ClickToEat.Web\ClickToEat.Web.csproj", "{8AC38179-C0FE-4591-B9BE-65803FB35CF3}"
EndProject
Project("{2150E333-8FDC-42A3-9474-1A3956D46DE8}") = "Services", "Services", "{B580E233-EA4E-405D-B206-EFF880D7E28E}"
EndProject
Project("{9A19103F-16F7-4668-BE54-9A1E7A4F7556}") = "ClickToEat.Services.ProductAPI", "ClickToEat.Services.ProductAPI\ClickToEat.Services.ProductAPI.csproj", "{2709EFC1-9340-4859-918B-907A9F4A52DA}"
EndProject
Project("{9A19103F-16F7-4668-BE54-9A1E7A4F7556}") = "ClickToEat.Services.Identity", "ClickToEat.Services.Identity\ClickToEat.Services.Identity.csproj", "{19CBC7B2-0CBA-400C-B9D7-F5BA47164E7A}"
EndProject
Project("{9A19103F-16F7-4668-BE54-9A1E7A4F7556}") = "ClickToEat.Services.ShoppingCartAPI", "ClickToEat.Services.ShoppingCartAPI\ClickToEat.Services.ShoppingCartAPI.csproj", "{D7D0E3E5-5453-4ED2-939B-5CE7CC75A86C}"
EndProject
Project("{9A19103F-16F7-4668-BE54-9A1E7A4F7556}") = "ClickToEat.Services.CouponAPI", "ClickToEat.Services.CouponAPI\ClickToEat.Services.CouponAPI.csproj", "{96977CC5-C303-44C4-9FAD-4A5A62085A4C}"
EndProject
Project("{2150E333-8FDC-42A3-9474-1A3956D46DE8}") = "Integration", "Integration", "{654FD8D2-F357-4EB8-B827-E9BE0C7DCBBC}"
EndProject
Project("{9A19103F-16F7-4668-BE54-9A1E7A4F7556}") = "ClickToEat.MessageBus", "ClickToEat.MessageBus\ClickToEat.MessageBus.csproj", "{323B507C-FD69-4B17-BDB1-2C981E4BC71F}"
EndProject
Project("{9A19103F-16F7-4668-BE54-9A1E7A4F7556}") = "ClickToEat.Services.OrderAPI", "ClickToEat.Services.OrderAPI\ClickToEat.Services.OrderAPI.csproj", "{EE849122-7AA0-4E89-AAC0-B1DB0613C522}"
EndProject
Project("{2150E333-8FDC-42A3-9474-1A3956D46DE8}") = "Payments", "Payments", "{D7329544-6644-4A43-A2BF-75B95D43AA81}"
EndProject
Project("{9A19103F-16F7-4668-BE54-9A1E7A4F7556}") = "PaymentProcessor", "PaymentProcessor\PaymentProcessor.csproj", "{9B0F1CE7-731A-4B40-A357-7D3531B64C2E}"
EndProject
Project("{9A19103F-16F7-4668-BE54-9A1E7A4F7556}") = "ClickToEat.Services.PaymentAPI", "ClickToEat.Services.PaymentAPI\ClickToEat.Services.PaymentAPI.csproj", "{C2113C91-FB0D-4679-B0EE-848EB2E7879A}"
EndProject
Project("{9A19103F-16F7-4668-BE54-9A1E7A4F7556}") = "ClickToEat.Services.Email", "ClickToEat.Services.Email\ClickToEat.Services.Email.csproj", "{415BA99F-148A-46D1-8635-7A8ED95171AD}"
EndProject
Project("{2150E333-8FDC-42A3-9474-1A3956D46DE8}") = "Gateway", "Gateway", "{8F320F41-B163-433A-9453-62A83766300D}"
EndProject
Project("{9A19103F-16F7-4668-BE54-9A1E7A4F7556}") = "ClickToEat.GatewaySolution", "ClickToEat.GatewaySolution\ClickToEat.GatewaySolution.csproj", "{3F5CAC61-8A0E-4467-98A6-3CC3E4FC8D0E}"
EndProject
Project("{FAE04EC0-301F-11D3-BF4B-00C04F79EFBC}") = "ClickToEat.Services.OrderTrackingAPI", "ClickToEat.Services.OrderTrackingAPI\ClickToEat.Services.OrderTrackingAPI.csproj", "{2E1EBA3C-08A0-48C0-A84E-A39FB953BE9C}"
EndProject
Global
	GlobalSection(SolutionConfigurationPlatforms) = preSolution
		Debug|Any CPU = Debug|Any CPU
		Release|Any CPU = Release|Any CPU
	EndGlobalSection
	GlobalSection(ProjectConfigurationPlatforms) = postSolution
		{8AC38179-C0FE-4591-B9BE-65803FB35CF3}.Debug|Any CPU.ActiveCfg = Debug|Any CPU
		{8AC38179-C0FE-4591-B9BE-65803FB35CF3}.Debug|Any CPU.Build.0 = Debug|Any CPU
		{8AC38179-C0FE-4591-B9BE-65803FB35CF3}.Release|Any CPU.ActiveCfg = Release|Any CPU
		{8AC38179-C0FE-4591-B9BE-65803FB35CF3}.Release|Any CPU.Build.0 = Release|Any CPU
		{2709EFC1-9340-4859-918B-907A9F4A52DA}.Debug|Any CPU.ActiveCfg = Debug|Any CPU
		{2709EFC1-9340-4859-918B-907A9F4A52DA}.Debug|Any CPU.Build.0 = Debug|Any CPU
		{2709EFC1-9340-4859-918B-907A9F4A52DA}.Release|Any CPU.ActiveCfg = Release|Any CPU
		{2709EFC1-9340-4859-918B-907A9F4A52DA}.Release|Any CPU.Build.0 = Release|Any CPU
		{19CBC7B2-0CBA-400C-B9D7-F5BA47164E7A}.Debug|Any CPU.ActiveCfg = Debug|Any CPU
		{19CBC7B2-0CBA-400C-B9D7-F5BA47164E7A}.Debug|Any CPU.Build.0 = Debug|Any CPU
		{19CBC7B2-0CBA-400C-B9D7-F5BA47164E7A}.Release|Any CPU.ActiveCfg = Release|Any CPU
		{19CBC7B2-0CBA-400C-B9D7-F5BA47164E7A}.Release|Any CPU.Build.0 = Release|Any CPU
		{D7D0E3E5-5453-4ED2-939B-5CE7CC75A86C}.Debug|Any CPU.ActiveCfg = Debug|Any CPU
		{D7D0E3E5-5453-4ED2-939B-5CE7CC75A86C}.Debug|Any CPU.Build.0 = Debug|Any CPU
		{D7D0E3E5-5453-4ED2-939B-5CE7CC75A86C}.Release|Any CPU.ActiveCfg = Release|Any CPU
		{D7D0E3E5-5453-4ED2-939B-5CE7CC75A86C}.Release|Any CPU.Build.0 = Release|Any CPU
		{96977CC5-C303-44C4-9FAD-4A5A62085A4C}.Debug|Any CPU.ActiveCfg = Debug|Any CPU
		{96977CC5-C303-44C4-9FAD-4A5A62085A4C}.Debug|Any CPU.Build.0 = Debug|Any CPU
		{96977CC5-C303-44C4-9FAD-4A5A62085A4C}.Release|Any CPU.ActiveCfg = Release|Any CPU
		{96977CC5-C303-44C4-9FAD-4A5A62085A4C}.Release|Any CPU.Build.0 = Release|Any CPU
		{323B507C-FD69-4B17-BDB1-2C981E4BC71F}.Debug|Any CPU.ActiveCfg = Debug|Any CPU
		{323B507C-FD69-4B17-BDB1-2C981E4BC71F}.Debug|Any CPU.Build.0 = Debug|Any CPU
		{323B507C-FD69-4B17-BDB1-2C981E4BC71F}.Release|Any CPU.ActiveCfg = Release|Any CPU
		{323B507C-FD69-4B17-BDB1-2C981E4BC71F}.Release|Any CPU.Build.0 = Release|Any CPU
		{EE849122-7AA0-4E89-AAC0-B1DB0613C522}.Debug|Any CPU.ActiveCfg = Debug|Any CPU
		{EE849122-7AA0-4E89-AAC0-B1DB0613C522}.Debug|Any CPU.Build.0 = Debug|Any CPU
		{EE849122-7AA0-4E89-AAC0-B1DB0613C522}.Release|Any CPU.ActiveCfg = Release|Any CPU
		{EE849122-7AA0-4E89-AAC0-B1DB0613C522}.Release|Any CPU.Build.0 = Release|Any CPU
		{9B0F1CE7-731A-4B40-A357-7D3531B64C2E}.Debug|Any CPU.ActiveCfg = Debug|Any CPU
		{9B0F1CE7-731A-4B40-A357-7D3531B64C2E}.Debug|Any CPU.Build.0 = Debug|Any CPU
		{9B0F1CE7-731A-4B40-A357-7D3531B64C2E}.Release|Any CPU.ActiveCfg = Release|Any CPU
		{9B0F1CE7-731A-4B40-A357-7D3531B64C2E}.Release|Any CPU.Build.0 = Release|Any CPU
		{C2113C91-FB0D-4679-B0EE-848EB2E7879A}.Debug|Any CPU.ActiveCfg = Debug|Any CPU
		{C2113C91-FB0D-4679-B0EE-848EB2E7879A}.Debug|Any CPU.Build.0 = Debug|Any CPU
		{C2113C91-FB0D-4679-B0EE-848EB2E7879A}.Release|Any CPU.ActiveCfg = Release|Any CPU
		{C2113C91-FB0D-4679-B0EE-848EB2E7879A}.Release|Any CPU.Build.0 = Release|Any CPU
		{415BA99F-148A-46D1-8635-7A8ED95171AD}.Debug|Any CPU.ActiveCfg = Debug|Any CPU
		{415BA99F-148A-46D1-8635-7A8ED95171AD}.Debug|Any CPU.Build.0 = Debug|Any CPU
		{415BA99F-148A-46D1-8635-7A8ED95171AD}.Release|Any CPU.ActiveCfg = Release|Any CPU
		{415BA99F-148A-46D1-8635-7A8ED95171AD}.Release|Any CPU.Build.0 = Release|Any CPU
		{3F5CAC61-8A0E-4467-98A6-3CC3E4FC8D0E}.Debug|Any CPU.ActiveCfg = Debug|Any CPU
		{3F5CAC61-8A0E-4467-98A6-3CC3E4FC8D0E}.Debug|Any CPU.Build.0 = Debug|Any CPU
		{3F5CAC61-8A0E-4467-98A6-3CC3E4FC8D0E}.Release|Any CPU.ActiveCfg = Release|Any CPU
		{3F5CAC61-8A0E-4467-98A6-3CC3E4FC8D0E}.Release|Any CPU.Build.0 = Release|Any CPU
		{2E1EBA3C-08A0-48C0-A84E-A39FB953BE9C}.Debug|Any CPU.ActiveCfg = Debug|Any CPU
		{2E1EBA3C-08A0-48C0-A84E-A39FB953BE9C}.Debug|Any CPU.Build.0 = Debug|Any CPU
		{2E1EBA3C-08A0-48C0-A84E-A39FB953BE9C}.Release|Any CPU.ActiveCfg = Release|Any CPU
		{2E1EBA3C-08A0-48C0-A84E-A39FB953BE9C}.Release|Any CPU.Build.0 = Release|Any CPU
	EndGlobalSection
	GlobalSection(SolutionProperties) = preSolution
		HideSolutionNode = FALSE
	EndGlobalSection
	GlobalSection(NestedProjects) = preSolution
		{8AC38179-C0FE-4591-B9BE-65803FB35CF3} = {0FCF9F6F-3F29-40D0-B7CB-54D92921FBF1}
		{2709EFC1-9340-4859-918B-907A9F4A52DA} = {B580E233-EA4E-405D-B206-EFF880D7E28E}
		{19CBC7B2-0CBA-400C-B9D7-F5BA47164E7A} = {B580E233-EA4E-405D-B206-EFF880D7E28E}
		{D7D0E3E5-5453-4ED2-939B-5CE7CC75A86C} = {B580E233-EA4E-405D-B206-EFF880D7E28E}
		{96977CC5-C303-44C4-9FAD-4A5A62085A4C} = {B580E233-EA4E-405D-B206-EFF880D7E28E}
		{323B507C-FD69-4B17-BDB1-2C981E4BC71F} = {654FD8D2-F357-4EB8-B827-E9BE0C7DCBBC}
		{EE849122-7AA0-4E89-AAC0-B1DB0613C522} = {B580E233-EA4E-405D-B206-EFF880D7E28E}
		{9B0F1CE7-731A-4B40-A357-7D3531B64C2E} = {D7329544-6644-4A43-A2BF-75B95D43AA81}
		{C2113C91-FB0D-4679-B0EE-848EB2E7879A} = {B580E233-EA4E-405D-B206-EFF880D7E28E}
		{415BA99F-148A-46D1-8635-7A8ED95171AD} = {B580E233-EA4E-405D-B206-EFF880D7E28E}
		{3F5CAC61-8A0E-4467-98A6-3CC3E4FC8D0E} = {8F320F41-B163-433A-9453-62A83766300D}
		{2E1EBA3C-08A0-48C0-A84E-A39FB953BE9C} = {B580E233-EA4E-405D-B206-EFF880D7E28E}
	EndGlobalSection
	GlobalSection(ExtensibilityGlobals) = postSolution
		SolutionGuid = {F9DD5F5B-A07E-4F67-AA18-2BE98A45CB62}
	EndGlobalSection
EndGlobal
